
Microsoft Visual Studio Solution File, Format Version 12.00
# Visual Studio Version 16
VisualStudioVersion = 16.0.31112.23
MinimumVisualStudioVersion = 10.0.40219.1
Project("{9A19103F-16F7-4668-BE54-9A1E7A4F7556}") = "FormaGreen", "FormaGreen.csproj", "{B8D8DE1E-4FB3-45B4-819E-4F51E8EAEE6D}"
EndProject
Global
	GlobalSection(SolutionConfigurationPlatforms) = preSolution
		Debug|Any CPU = Debug|Any CPU
		Release|Any CPU = Release|Any CPU
	EndGlobalSection
	GlobalSection(ProjectConfigurationPlatforms) = postSolution
		{B8D8DE1E-4FB3-45B4-819E-4F51E8EAEE6D}.Debug|Any CPU.ActiveCfg = Debug|Any CPU
		{B8D8DE1E-4FB3-45B4-819E-4F51E8EAEE6D}.Debug|Any CPU.Build.0 = Debug|Any CPU
		{B8D8DE1E-4FB3-45B4-819E-4F51E8EAEE6D}.Release|Any CPU.ActiveCfg = Release|Any CPU
		{B8D8DE1E-4FB3-45B4-819E-4F51E8EAEE6D}.Release|Any CPU.Build.0 = Release|Any CPU
	EndGlobalSection
	GlobalSection(SolutionProperties) = preSolution
		HideSolutionNode = FALSE
	EndGlobalSection
	GlobalSection(ExtensibilityGlobals) = postSolution
		SolutionGuid = {24F71497-9B3A-4DC7-AC72-FCE67B59A44E}
	EndGlobalSection
EndGlobal
